
Microsoft Visual Studio Solution File, Format Version 12.00
# Visual Studio Version 17
VisualStudioVersion = 17.0.31903.59
MinimumVisualStudioVersion = 10.0.40219.1
Project("{FAE04EC0-301F-11D3-BF4B-00C04F79EFBC}") = "ContractGenerator", "src\ContractGenerator\ContractGenerator.csproj", "{AEC22CE5-F118-414C-A962-D1BAA026FA98}"
EndProject
Project("{FAE04EC0-301F-11D3-BF4B-00C04F79EFBC}") = "ContractPlugin", "src\ContractPlugin\ContractPlugin.csproj", "{655FE90D-C606-404F-B7B3-F3DD2C3C9452}"
EndProject
Project("{2150E333-8FDC-42A3-9474-1A3956D46DE8}") = "src", "src", "{C3C53F50-7867-4E1D-884A-3B3CBDD3FC80}"
EndProject
Project("{2150E333-8FDC-42A3-9474-1A3956D46DE8}") = "test", "test", "{53831842-FD7C-4F64-9E7D-72B54861E1BA}"
EndProject
Project("{FAE04EC0-301F-11D3-BF4B-00C04F79EFBC}") = "ContractGenerator.Tests", "test\ContractGenerator.Tests\ContractGenerator.Tests.csproj", "{74CCB8DE-3532-4C1C-9CB2-B2F1FEC615AB}"
EndProject
Global
	GlobalSection(SolutionConfigurationPlatforms) = preSolution
		Debug|Any CPU = Debug|Any CPU
		Release|Any CPU = Release|Any CPU
	EndGlobalSection
	GlobalSection(SolutionProperties) = preSolution
		HideSolutionNode = FALSE
	EndGlobalSection
	GlobalSection(ProjectConfigurationPlatforms) = postSolution
		{AEC22CE5-F118-414C-A962-D1BAA026FA98}.Debug|Any CPU.ActiveCfg = Debug|Any CPU
		{AEC22CE5-F118-414C-A962-D1BAA026FA98}.Debug|Any CPU.Build.0 = Debug|Any CPU
		{AEC22CE5-F118-414C-A962-D1BAA026FA98}.Release|Any CPU.ActiveCfg = Release|Any CPU
		{AEC22CE5-F118-414C-A962-D1BAA026FA98}.Release|Any CPU.Build.0 = Release|Any CPU
		{655FE90D-C606-404F-B7B3-F3DD2C3C9452}.Debug|Any CPU.ActiveCfg = Debug|Any CPU
		{655FE90D-C606-404F-B7B3-F3DD2C3C9452}.Debug|Any CPU.Build.0 = Debug|Any CPU
		{655FE90D-C606-404F-B7B3-F3DD2C3C9452}.Release|Any CPU.ActiveCfg = Release|Any CPU
		{655FE90D-C606-404F-B7B3-F3DD2C3C9452}.Release|Any CPU.Build.0 = Release|Any CPU
		{74CCB8DE-3532-4C1C-9CB2-B2F1FEC615AB}.Debug|Any CPU.ActiveCfg = Debug|Any CPU
		{74CCB8DE-3532-4C1C-9CB2-B2F1FEC615AB}.Debug|Any CPU.Build.0 = Debug|Any CPU
		{74CCB8DE-3532-4C1C-9CB2-B2F1FEC615AB}.Release|Any CPU.ActiveCfg = Release|Any CPU
		{74CCB8DE-3532-4C1C-9CB2-B2F1FEC615AB}.Release|Any CPU.Build.0 = Release|Any CPU
	EndGlobalSection
	GlobalSection(NestedProjects) = preSolution
		{AEC22CE5-F118-414C-A962-D1BAA026FA98} = {C3C53F50-7867-4E1D-884A-3B3CBDD3FC80}
		{655FE90D-C606-404F-B7B3-F3DD2C3C9452} = {C3C53F50-7867-4E1D-884A-3B3CBDD3FC80}
		{74CCB8DE-3532-4C1C-9CB2-B2F1FEC615AB} = {53831842-FD7C-4F64-9E7D-72B54861E1BA}
	EndGlobalSection
EndGlobal
